{
  "name": "functions",
  "version": "1.0.0",
  "lockfileVersion": 1,
  "requires": true,
  "dependencies": {
    "@types/node": {
      "version": "14.6.0",
      "resolved": "https://registry.npmjs.org/@types/node/-/node-14.6.0.tgz",
      "integrity": "sha512-mikldZQitV94akrc4sCcSjtJfsTKt4p+e/s0AGscVA6XArQ9kFclP+ZiYUMnq987rc6QlYxXv/EivqlfSLxpKA=="
    },
    "qs": {
      "version": "6.9.4",
      "resolved": "https://registry.npmjs.org/qs/-/qs-6.9.4.tgz",
      "integrity": "sha512-A1kFqHekCTM7cz0udomYUoYNWjBebHm/5wzU/XqrBRBNWectVH0QIiN+NEcZ0Dte5hvzHwbr8+XQmguPhJ6WdQ=="
    },
    "stripe": {
      "version": "8.89.0",
      "resolved": "https://registry.npmjs.org/stripe/-/stripe-8.89.0.tgz",
      "integrity": "sha512-XiAuNAyv2ORCWZrIaG22frr7rXP1J5+XsHA4QUBwB0fePB5kxV0O6FFMrZ8nipYZ43pnez5EIJ/Oxb1jLq6w6g==",
      "requires": {
        "@types/node": ">=8.1.0",
        "qs": "^6.6.0"
      }
    }
  }
}
